
Microsoft Visual Studio Solution File, Format Version 12.00
# Visual Studio 15
VisualStudioVersion = 15.0.28307.1082
MinimumVisualStudioVersion = 10.0.40219.1
Project("{FAE04EC0-301F-11D3-BF4B-00C04F79EFBC}") = "Vews", "Vews\Vews.csproj", "{7ECB1344-4E1C-421A-B670-59A758C581BF}"
EndProject
Global
	GlobalSection(SolutionConfigurationPlatforms) = preSolution
		Debug|Any CPU = Debug|Any CPU
		Release|Any CPU = Release|Any CPU
	EndGlobalSection
	GlobalSection(ProjectConfigurationPlatforms) = postSolution
		{7ECB1344-4E1C-421A-B670-59A758C581BF}.Debug|Any CPU.ActiveCfg = Debug|Any CPU
		{7ECB1344-4E1C-421A-B670-59A758C581BF}.Debug|Any CPU.Build.0 = Debug|Any CPU
		{7ECB1344-4E1C-421A-B670-59A758C581BF}.Release|Any CPU.ActiveCfg = Release|Any CPU
		{7ECB1344-4E1C-421A-B670-59A758C581BF}.Release|Any CPU.Build.0 = Release|Any CPU
	EndGlobalSection
	GlobalSection(SolutionProperties) = preSolution
		HideSolutionNode = FALSE
	EndGlobalSection
	GlobalSection(ExtensibilityGlobals) = postSolution
		SolutionGuid = {6EC53AAB-8F82-48A8-98AE-0FF706DCBBA2}
	EndGlobalSection
EndGlobal
